
Microsoft Visual Studio Solution File, Format Version 12.00
# Visual Studio 2012
Project("{FAE04EC0-301F-11D3-BF4B-00C04F79EFBC}") = "XmlElementCombinedWithXmlText", "XmlElementCombinedWithXmlText\XmlElementCombinedWithXmlText.csproj", "{52E9EB18-5B73-4166-9E23-D1AAD7BE7731}"
EndProject
Global
	GlobalSection(SolutionConfigurationPlatforms) = preSolution
		Debug|Any CPU = Debug|Any CPU
		Release|Any CPU = Release|Any CPU
	EndGlobalSection
	GlobalSection(ProjectConfigurationPlatforms) = postSolution
		{52E9EB18-5B73-4166-9E23-D1AAD7BE7731}.Debug|Any CPU.ActiveCfg = Debug|Any CPU
		{52E9EB18-5B73-4166-9E23-D1AAD7BE7731}.Debug|Any CPU.Build.0 = Debug|Any CPU
		{52E9EB18-5B73-4166-9E23-D1AAD7BE7731}.Release|Any CPU.ActiveCfg = Release|Any CPU
		{52E9EB18-5B73-4166-9E23-D1AAD7BE7731}.Release|Any CPU.Build.0 = Release|Any CPU
	EndGlobalSection
	GlobalSection(SolutionProperties) = preSolution
		HideSolutionNode = FALSE
	EndGlobalSection
EndGlobal
